
Microsoft Visual Studio Solution File, Format Version 12.00
# Visual Studio Version 17
VisualStudioVersion = 17.4.33213.308
MinimumVisualStudioVersion = 10.0.40219.1
Project("{FAE04EC0-301F-11D3-BF4B-00C04F79EFBC}") = "Bai1", "Bai1\Bai1.csproj", "{87000CC7-6A10-4A5E-8FB8-F9AD765634ED}"
EndProject
Global
	GlobalSection(SolutionConfigurationPlatforms) = preSolution
		Debug|Any CPU = Debug|Any CPU
		Release|Any CPU = Release|Any CPU
	EndGlobalSection
	GlobalSection(ProjectConfigurationPlatforms) = postSolution
		{87000CC7-6A10-4A5E-8FB8-F9AD765634ED}.Debug|Any CPU.ActiveCfg = Debug|Any CPU
		{87000CC7-6A10-4A5E-8FB8-F9AD765634ED}.Debug|Any CPU.Build.0 = Debug|Any CPU
		{87000CC7-6A10-4A5E-8FB8-F9AD765634ED}.Release|Any CPU.ActiveCfg = Release|Any CPU
		{87000CC7-6A10-4A5E-8FB8-F9AD765634ED}.Release|Any CPU.Build.0 = Release|Any CPU
	EndGlobalSection
	GlobalSection(SolutionProperties) = preSolution
		HideSolutionNode = FALSE
	EndGlobalSection
	GlobalSection(ExtensibilityGlobals) = postSolution
		SolutionGuid = {4981F642-49BB-4E29-AE8C-9FBB9598E7D8}
	EndGlobalSection
EndGlobal
